
Microsoft Visual Studio Solution File, Format Version 12.00
# Visual Studio 15
VisualStudioVersion = 15.0.27004.2005
MinimumVisualStudioVersion = 10.0.40219.1
Project("{9A19103F-16F7-4668-BE54-9A1E7A4F7556}") = "Angular5Core2", "Angular5Core2\Angular5Core2.csproj", "{A2D73A57-7C2D-478B-BF75-3830284240CF}"
EndProject
Project("{FAE04EC0-301F-11D3-BF4B-00C04F79EFBC}") = "Angular5Core2.Data", "Angular5Core2.Data\Angular5Core2.Data.csproj", "{8859F396-6B17-4D5F-8325-AC996041BB58}"
EndProject
Global
	GlobalSection(SolutionConfigurationPlatforms) = preSolution
		Debug|Any CPU = Debug|Any CPU
		Release|Any CPU = Release|Any CPU
	EndGlobalSection
	GlobalSection(ProjectConfigurationPlatforms) = postSolution
		{A2D73A57-7C2D-478B-BF75-3830284240CF}.Debug|Any CPU.ActiveCfg = Debug|Any CPU
		{A2D73A57-7C2D-478B-BF75-3830284240CF}.Debug|Any CPU.Build.0 = Debug|Any CPU
		{A2D73A57-7C2D-478B-BF75-3830284240CF}.Release|Any CPU.ActiveCfg = Release|Any CPU
		{A2D73A57-7C2D-478B-BF75-3830284240CF}.Release|Any CPU.Build.0 = Release|Any CPU
		{8859F396-6B17-4D5F-8325-AC996041BB58}.Debug|Any CPU.ActiveCfg = Debug|Any CPU
		{8859F396-6B17-4D5F-8325-AC996041BB58}.Debug|Any CPU.Build.0 = Debug|Any CPU
		{8859F396-6B17-4D5F-8325-AC996041BB58}.Release|Any CPU.ActiveCfg = Release|Any CPU
		{8859F396-6B17-4D5F-8325-AC996041BB58}.Release|Any CPU.Build.0 = Release|Any CPU
	EndGlobalSection
	GlobalSection(SolutionProperties) = preSolution
		HideSolutionNode = FALSE
	EndGlobalSection
	GlobalSection(ExtensibilityGlobals) = postSolution
		SolutionGuid = {C1ECECF0-3650-4973-A5D5-5EC47E5272D3}
	EndGlobalSection
EndGlobal
